<Solution>

  <Folder Name="/API/">

    <Project Path="API/HRMS.API/HRMS.API.csproj" Id="6b638a6a-5610-4a2b-aa1e-dfbef58de721" />

  </Folder>

  <Folder Name="/Modules/" />

  <Folder Name="/Modules/TodoFeature/">

    <Project Path="Modules/TodoFeature/TodoFeature.Application/TodoFeature.Application.csproj" Id="a1b2c3d4-e5f6-7890-abcd-ef1234567890" />

    <Project Path="Modules/TodoFeature/TodoFeature.Domain/TodoFeature.Domain.csproj" Id="b2c3d4e5-f6a7-8901-bcde-f12345678901" />

    <Project Path="Modules/TodoFeature/TodoFeature.GraphQL/TodoFeature.GraphQL.csproj" Id="c3d4e5f6-a7b8-9012-cdef-123456789012" />

    <Project Path="Modules/TodoFeature/TodoFeature.Infrastructure/TodoFeature.Infrastructure.csproj" Id="d4e5f6a7-b8c9-0123-def0-234567890123" />

  </Folder>

  <Folder Name="/Shared/">

    <Project Path="Shared/HRMS.Shared.Application/HRMS.Shared.Application.csproj" Id="2986d168-4e45-495e-8b00-09f1650c14e7" />

    <Project Path="Shared/HRMS.Shared.Domain/HRMS.Shared.Domain.csproj" Id="7f46f091-c7f3-46ef-a6b8-21bc45c85ea1" />

    <Project Path="Shared/HRMS.Shared.Infrastructure/HRMS.Shared.Infrastructure.csproj" Id="e49e71f9-9e51-49dd-bbe0-9d9086a2a412" />
    

  </Folder>

  <Folder Name="/Shared/HRMS.Shared.Core/">

    <Project Path="Shared/HRMS.Shared.Core/HRMS.Core.HttpHelper/HRMS.Core.HttpHelper.csproj" Id="88e064c1-b81a-44ca-ba72-5b9cf9b11ba4" />

    <Project Path="Shared/HRMS.Shared.Core/HRMS.Core.KeyVault/HRMS.Core.KeyVault.csproj" Id="d298accc-181d-4628-a1c0-1809f08d84bd" />

    <Project Path="Shared/HRMS.Shared.Core/HRMS.Core.Postgres/HRMS.Core.Postgres.csproj" Id="e5f6a7b8-c9d0-1234-ef01-345678901234" />

    <Project Path="Shared/HRMS.Shared.Core/HRMS.Core.Telemetry/HRMS.Core.Telemetry.csproj" Id="70179bd1-adcd-4e57-90d0-e5dc380643b2" />

  </Folder>


  <Folder Name="/Modules/EmployeeFeature/">
    <Project Path="Modules/EmployeeFeature/EmployeeFeature.Application/EmployeeFeature.Application.csproj" Id="c8bdb2b9-6386-4ba8-85ff-bd7b7ac688f0" />
    <Project Path="Modules/EmployeeFeature/EmployeeFeature.Domain/EmployeeFeature.Domain.csproj" Id="fcfe37a3-a2c8-4778-afca-118a4a3ae2b4" />
    <Project Path="Modules/EmployeeFeature/EmployeeFeature.GraphQL/EmployeeFeature.GraphQL.csproj" Id="0fd83cb6-5c1c-4397-aa7a-db1d93bc6e44" />
    <Project Path="Modules/EmployeeFeature/EmployeeFeature.Infrastructure/EmployeeFeature.Infrastructure.csproj" Id="6336b36b-f5dc-403e-8709-91c0a64b0f9a" />
  </Folder>
  <Folder Name="/Modules/AttendanceFeature/">
    <Project Path="Modules/AttendanceFeature/AttendanceFeature.Application/AttendanceFeature.Application.csproj" Id="8709cec2-f5e8-4666-b96f-7f31e35f8a74" />
    <Project Path="Modules/AttendanceFeature/AttendanceFeature.Domain/AttendanceFeature.Domain.csproj" Id="1229e5c7-ddad-4a39-90a3-d92ae8baf7f1" />
    <Project Path="Modules/AttendanceFeature/AttendanceFeature.GraphQL/AttendanceFeature.GraphQL.csproj" Id="6626460e-7921-4ec2-a4fb-149c59934c39" />
    <Project Path="Modules/AttendanceFeature/AttendanceFeature.Infrastructure/AttendanceFeature.Infrastructure.csproj" Id="6463b8c2-25b4-4c66-bd23-75b1ce3f0fbb" />
  </Folder>
  <Folder Name="/Modules/LeaveFeature/">
    <Project Path="Modules/LeaveFeature/LeaveFeature.Application/LeaveFeature.Application.csproj" Id="69c68827-ed6f-491d-b720-05a4255296bd" />
    <Project Path="Modules/LeaveFeature/LeaveFeature.Domain/LeaveFeature.Domain.csproj" Id="64cd5db1-d8bb-4e18-b997-9ec8cfc4b0c4" />
    <Project Path="Modules/LeaveFeature/LeaveFeature.GraphQL/LeaveFeature.GraphQL.csproj" Id="e236aaa6-28a9-477c-9c91-d11ca046fa94" />
    <Project Path="Modules/LeaveFeature/LeaveFeature.Infrastructure/LeaveFeature.Infrastructure.csproj" Id="e20e3372-2a3d-4c16-b966-4584378f1c45" />
  </Folder>
  <Folder Name="/Modules/PayrollFeature/">
    <Project Path="Modules/PayrollFeature/PayrollFeature.Application/PayrollFeature.Application.csproj" Id="bff3b564-8765-4bd1-8012-b72e3007b51f" />
    <Project Path="Modules/PayrollFeature/PayrollFeature.Domain/PayrollFeature.Domain.csproj" Id="293fcd1f-5a4b-49c4-a016-9dc3ac1bad31" />
    <Project Path="Modules/PayrollFeature/PayrollFeature.GraphQL/PayrollFeature.GraphQL.csproj" Id="f5649d15-1ccc-4c4f-80a8-0786804998b7" />
    <Project Path="Modules/PayrollFeature/PayrollFeature.Infrastructure/PayrollFeature.Infrastructure.csproj" Id="42179a2b-1610-4182-9efc-6d8c0ca0450d" />
  </Folder>
  <Folder Name="/Modules/DocumentFeature/">
    <Project Path="Modules/DocumentFeature/DocumentFeature.Application/DocumentFeature.Application.csproj" Id="bf821678-2aa1-4e2e-9057-11012ff63524" />
    <Project Path="Modules/DocumentFeature/DocumentFeature.Domain/DocumentFeature.Domain.csproj" Id="2a0d3c81-87cc-43f9-8177-b55448973d16" />
    <Project Path="Modules/DocumentFeature/DocumentFeature.GraphQL/DocumentFeature.GraphQL.csproj" Id="a0bd9c9d-6f5a-4b9d-915a-ff910979ed2f" />
    <Project Path="Modules/DocumentFeature/DocumentFeature.Infrastructure/DocumentFeature.Infrastructure.csproj" Id="aa8375f5-7e4b-446b-b80e-fe6fec2f738c" />
  </Folder>
  <Folder Name="/Modules/ExpenseFeature/">
    <Project Path="Modules/ExpenseFeature/ExpenseFeature.Application/ExpenseFeature.Application.csproj" Id="d328c89b-2724-4fd5-8747-657be8ca0cff" />
    <Project Path="Modules/ExpenseFeature/ExpenseFeature.Domain/ExpenseFeature.Domain.csproj" Id="1b42d025-5431-4a6b-8399-e78c81e6f5a6" />
    <Project Path="Modules/ExpenseFeature/ExpenseFeature.GraphQL/ExpenseFeature.GraphQL.csproj" Id="2152b232-ae11-4792-8e84-f469863cea15" />
    <Project Path="Modules/ExpenseFeature/ExpenseFeature.Infrastructure/ExpenseFeature.Infrastructure.csproj" Id="47d66916-a6c0-4dd8-8a07-760eb8a7ae75" />
  </Folder>
  <Folder Name="/Modules/PerformanceFeature/">
    <Project Path="Modules/PerformanceFeature/PerformanceFeature.Application/PerformanceFeature.Application.csproj" Id="dc7349d1-5189-457b-81f2-197608d9c442" />
    <Project Path="Modules/PerformanceFeature/PerformanceFeature.Domain/PerformanceFeature.Domain.csproj" Id="e960b808-3100-4f51-8f5f-bdd45fccf041" />
    <Project Path="Modules/PerformanceFeature/PerformanceFeature.GraphQL/PerformanceFeature.GraphQL.csproj" Id="3b9608e6-fa2d-4501-96f3-35433d0cc406" />
    <Project Path="Modules/PerformanceFeature/PerformanceFeature.Infrastructure/PerformanceFeature.Infrastructure.csproj" Id="268b1c1c-e4cf-433a-807b-4a5925840b5e" />
  </Folder>
  <Folder Name="/Modules/TrainingFeature/">
    <Project Path="Modules/TrainingFeature/TrainingFeature.Application/TrainingFeature.Application.csproj" Id="e7d62235-e822-4e8b-b2c7-ce4d698ea7e0" />
    <Project Path="Modules/TrainingFeature/TrainingFeature.Domain/TrainingFeature.Domain.csproj" Id="84b88b0a-c4c8-4a90-8555-bdb936bcac5e" />
    <Project Path="Modules/TrainingFeature/TrainingFeature.GraphQL/TrainingFeature.GraphQL.csproj" Id="8e78c9db-a6f5-43cb-9215-b6d668a8a46c" />
    <Project Path="Modules/TrainingFeature/TrainingFeature.Infrastructure/TrainingFeature.Infrastructure.csproj" Id="155622f7-32ec-4e8d-8f6b-ee9e6f07a486" />
  </Folder>
  <Folder Name="/Modules/RecruitmentFeature/">
    <Project Path="Modules/RecruitmentFeature/RecruitmentFeature.Application/RecruitmentFeature.Application.csproj" Id="c707c965-83d4-4ec7-94f4-70005016ef05" />
    <Project Path="Modules/RecruitmentFeature/RecruitmentFeature.Domain/RecruitmentFeature.Domain.csproj" Id="8159ddb7-749b-49ce-8750-331247026d6c" />
    <Project Path="Modules/RecruitmentFeature/RecruitmentFeature.GraphQL/RecruitmentFeature.GraphQL.csproj" Id="87484bef-2f8f-48e5-b71a-b32fe1d30fef" />
    <Project Path="Modules/RecruitmentFeature/RecruitmentFeature.Infrastructure/RecruitmentFeature.Infrastructure.csproj" Id="576ac80e-7c62-459b-8eb4-ea04bfe4ae18" />
  </Folder>
  <Folder Name="/Modules/AnnouncementFeature/">
    <Project Path="Modules/AnnouncementFeature/AnnouncementFeature.Application/AnnouncementFeature.Application.csproj" Id="77999f5b-8d3c-4841-b10e-2f420b378bb8" />
    <Project Path="Modules/AnnouncementFeature/AnnouncementFeature.Domain/AnnouncementFeature.Domain.csproj" Id="8596a824-401c-4db4-9513-8017cbcc83b8" />
    <Project Path="Modules/AnnouncementFeature/AnnouncementFeature.GraphQL/AnnouncementFeature.GraphQL.csproj" Id="3c46ec79-46ae-45ef-bb86-91d8f937c4eb" />
    <Project Path="Modules/AnnouncementFeature/AnnouncementFeature.Infrastructure/AnnouncementFeature.Infrastructure.csproj" Id="719c80c5-a546-49f1-bac3-e978a0651972" />
  </Folder>
  <Folder Name="/Modules/AnalyticsFeature/">
    <Project Path="Modules/AnalyticsFeature/AnalyticsFeature.Application/AnalyticsFeature.Application.csproj" Id="fadb8e2a-7f76-4843-a4c4-72a2ec1d38b3" />
    <Project Path="Modules/AnalyticsFeature/AnalyticsFeature.Domain/AnalyticsFeature.Domain.csproj" Id="50aef09e-ca1f-41e0-a6e9-c09c5fb19423" />
    <Project Path="Modules/AnalyticsFeature/AnalyticsFeature.GraphQL/AnalyticsFeature.GraphQL.csproj" Id="3b07ada2-8304-42a9-85e3-62b9eee9e91d" />
    <Project Path="Modules/AnalyticsFeature/AnalyticsFeature.Infrastructure/AnalyticsFeature.Infrastructure.csproj" Id="467f20e2-3180-4aa9-9b52-3e921b4cf437" />
  </Folder>
  <Folder Name="/Modules/CopilotFeature/">
    <Project Path="Modules/CopilotFeature/CopilotFeature.Application/CopilotFeature.Application.csproj" Id="d42bf566-5a4d-4933-b7b7-846ca84bd163" />
    <Project Path="Modules/CopilotFeature/CopilotFeature.Domain/CopilotFeature.Domain.csproj" Id="9e978880-bed5-49ff-b0b5-3c6b4a7c8e7a" />
    <Project Path="Modules/CopilotFeature/CopilotFeature.GraphQL/CopilotFeature.GraphQL.csproj" Id="e0e0edfa-a9a3-447d-88d1-40b5c2626d08" />
    <Project Path="Modules/CopilotFeature/CopilotFeature.Infrastructure/CopilotFeature.Infrastructure.csproj" Id="72e4dd57-1d89-4de8-8c10-a66aa8e6ebb7" />
  </Folder>
</Solution>

